
Microsoft Visual Studio Solution File, Format Version 12.00
# Visual Studio 15
VisualStudioVersion = 15.0.28307.168
MinimumVisualStudioVersion = 10.0.40219.1
Project("{FAE04EC0-301F-11D3-BF4B-00C04F79EFBC}") = "Library", "Library\Library.csproj", "{320819E4-A467-4460-A567-4B1435FE2D29}"
EndProject
Project("{FAE04EC0-301F-11D3-BF4B-00C04F79EFBC}") = "LibraryData", "LibraryData\LibraryData.csproj", "{AF78D48F-E70E-41D5-A90D-553E62DBADAB}"
EndProject
Global
	GlobalSection(SolutionConfigurationPlatforms) = preSolution
		Debug|Any CPU = Debug|Any CPU
		Release|Any CPU = Release|Any CPU
	EndGlobalSection
	GlobalSection(ProjectConfigurationPlatforms) = postSolution
		{320819E4-A467-4460-A567-4B1435FE2D29}.Debug|Any CPU.ActiveCfg = Debug|Any CPU
		{320819E4-A467-4460-A567-4B1435FE2D29}.Debug|Any CPU.Build.0 = Debug|Any CPU
		{320819E4-A467-4460-A567-4B1435FE2D29}.Release|Any CPU.ActiveCfg = Release|Any CPU
		{320819E4-A467-4460-A567-4B1435FE2D29}.Release|Any CPU.Build.0 = Release|Any CPU
		{AF78D48F-E70E-41D5-A90D-553E62DBADAB}.Debug|Any CPU.ActiveCfg = Debug|Any CPU
		{AF78D48F-E70E-41D5-A90D-553E62DBADAB}.Debug|Any CPU.Build.0 = Debug|Any CPU
		{AF78D48F-E70E-41D5-A90D-553E62DBADAB}.Release|Any CPU.ActiveCfg = Release|Any CPU
		{AF78D48F-E70E-41D5-A90D-553E62DBADAB}.Release|Any CPU.Build.0 = Release|Any CPU
	EndGlobalSection
	GlobalSection(SolutionProperties) = preSolution
		HideSolutionNode = FALSE
	EndGlobalSection
	GlobalSection(ExtensibilityGlobals) = postSolution
		SolutionGuid = {BB4E41B2-A7F6-4ABA-8358-33880B25A29B}
	EndGlobalSection
EndGlobal
